
Microsoft Visual Studio Solution File, Format Version 12.00
Project("{FAE04EC0-301F-11D3-BF4B-00C04F79EFBC}") = "Sod.Infrastructure", "Sod.Infrastructure\Sod.Infrastructure.csproj", "{383F7721-F2FA-4A14-A74F-953FABF2E185}"
EndProject
Project("{FAE04EC0-301F-11D3-BF4B-00C04F79EFBC}") = "Sod.Tests", "Sod.Tests\Sod.Tests.csproj", "{40610BCD-B6D6-41CD-89C2-4F693BF32510}"
EndProject
Project("{FAE04EC0-301F-11D3-BF4B-00C04F79EFBC}") = "Sod.Console", "Sod.Console\Sod.Console.csproj", "{FB5347F8-D66D-4374-843E-249EB7F100A0}"
EndProject
Project("{2150E333-8FDC-42A3-9474-1A3956D46DE8}") = "_tests", "_tests", "{11A795AE-0B55-475E-B705-FD500D06D084}"
EndProject
Project("{2150E333-8FDC-42A3-9474-1A3956D46DE8}") = "exe", "exe", "{B38D3BB7-71F2-4C4D-A452-48044610DBD3}"
EndProject
Project("{FAE04EC0-301F-11D3-BF4B-00C04F79EFBC}") = "Sod.Worker", "Sod.Worker\Sod.Worker.csproj", "{5F2FA611-0714-46E5-A495-F32F83258B55}"
EndProject
Project("{FAE04EC0-301F-11D3-BF4B-00C04F79EFBC}") = "Sod.Console.Mqtt", "Sod.Console.Mqtt\Sod.Console.Mqtt.csproj", "{69AA08BC-A616-4753-AEEC-5022177C8C21}"
EndProject
Global
	GlobalSection(SolutionConfigurationPlatforms) = preSolution
		Debug|Any CPU = Debug|Any CPU
		Release|Any CPU = Release|Any CPU
	EndGlobalSection
	GlobalSection(ProjectConfigurationPlatforms) = postSolution
		{383F7721-F2FA-4A14-A74F-953FABF2E185}.Debug|Any CPU.ActiveCfg = Debug|Any CPU
		{383F7721-F2FA-4A14-A74F-953FABF2E185}.Debug|Any CPU.Build.0 = Debug|Any CPU
		{383F7721-F2FA-4A14-A74F-953FABF2E185}.Release|Any CPU.ActiveCfg = Release|Any CPU
		{383F7721-F2FA-4A14-A74F-953FABF2E185}.Release|Any CPU.Build.0 = Release|Any CPU
		{40610BCD-B6D6-41CD-89C2-4F693BF32510}.Debug|Any CPU.ActiveCfg = Debug|Any CPU
		{40610BCD-B6D6-41CD-89C2-4F693BF32510}.Debug|Any CPU.Build.0 = Debug|Any CPU
		{40610BCD-B6D6-41CD-89C2-4F693BF32510}.Release|Any CPU.ActiveCfg = Release|Any CPU
		{40610BCD-B6D6-41CD-89C2-4F693BF32510}.Release|Any CPU.Build.0 = Release|Any CPU
		{FB5347F8-D66D-4374-843E-249EB7F100A0}.Debug|Any CPU.ActiveCfg = Debug|Any CPU
		{FB5347F8-D66D-4374-843E-249EB7F100A0}.Debug|Any CPU.Build.0 = Debug|Any CPU
		{FB5347F8-D66D-4374-843E-249EB7F100A0}.Release|Any CPU.ActiveCfg = Release|Any CPU
		{FB5347F8-D66D-4374-843E-249EB7F100A0}.Release|Any CPU.Build.0 = Release|Any CPU
		{5F2FA611-0714-46E5-A495-F32F83258B55}.Debug|Any CPU.ActiveCfg = Debug|Any CPU
		{5F2FA611-0714-46E5-A495-F32F83258B55}.Debug|Any CPU.Build.0 = Debug|Any CPU
		{5F2FA611-0714-46E5-A495-F32F83258B55}.Release|Any CPU.ActiveCfg = Release|Any CPU
		{5F2FA611-0714-46E5-A495-F32F83258B55}.Release|Any CPU.Build.0 = Release|Any CPU
		{69AA08BC-A616-4753-AEEC-5022177C8C21}.Debug|Any CPU.ActiveCfg = Debug|Any CPU
		{69AA08BC-A616-4753-AEEC-5022177C8C21}.Debug|Any CPU.Build.0 = Debug|Any CPU
		{69AA08BC-A616-4753-AEEC-5022177C8C21}.Release|Any CPU.ActiveCfg = Release|Any CPU
		{69AA08BC-A616-4753-AEEC-5022177C8C21}.Release|Any CPU.Build.0 = Release|Any CPU
	EndGlobalSection
	GlobalSection(NestedProjects) = preSolution
		{40610BCD-B6D6-41CD-89C2-4F693BF32510} = {11A795AE-0B55-475E-B705-FD500D06D084}
		{FB5347F8-D66D-4374-843E-249EB7F100A0} = {B38D3BB7-71F2-4C4D-A452-48044610DBD3}
		{5F2FA611-0714-46E5-A495-F32F83258B55} = {B38D3BB7-71F2-4C4D-A452-48044610DBD3}
		{69AA08BC-A616-4753-AEEC-5022177C8C21} = {B38D3BB7-71F2-4C4D-A452-48044610DBD3}
	EndGlobalSection
EndGlobal
